
Microsoft Visual Studio Solution File, Format Version 12.00
# Visual Studio Version 17
VisualStudioVersion = 17.11.35303.130
MinimumVisualStudioVersion = 10.0.40219.1
Project("{9A19103F-16F7-4668-BE54-9A1E7A4F7556}") = "keygen1", "keygen1\keygen1.csproj", "{D0E162E3-FC99-4405-BEE1-AB85D9D41DA9}"
EndProject
Project("{9A19103F-16F7-4668-BE54-9A1E7A4F7556}") = "keygen2", "keygen2\keygen2.csproj", "{2446CB50-1882-4219-9DB0-E7F5517E6E20}"
EndProject
Project("{9A19103F-16F7-4668-BE54-9A1E7A4F7556}") = "keygen3", "keygen3\keygen3.csproj", "{BC47A6DE-7F9D-4D65-A996-69FB778C95F3}"
EndProject
Project("{8BC9CEB8-8B4A-11D0-8D11-00A0C91BC942}") = "GiveMeSerial", "GiveMeSerial\GiveMeSerial.vcxproj", "{E3604156-7DF2-4B5F-AECA-64786B92F38C}"
EndProject
Project("{9A19103F-16F7-4668-BE54-9A1E7A4F7556}") = "DllInjector", "DllInjector\DllInjector.csproj", "{A5A24406-1296-457B-91A3-60E67511D807}"
EndProject
Project("{8BC9CEB8-8B4A-11D0-8D11-00A0C91BC942}") = "GetSerial", "GetSerial\GetSerial.vcxproj", "{85044A5C-C4A3-4C79-9AD5-6895F61F8515}"
EndProject
Project("{9A19103F-16F7-4668-BE54-9A1E7A4F7556}") = "GuessSerial", "GuessSerial\GuessSerial.csproj", "{7B2D3886-A213-4F99-89F7-D0D7DDAA97D9}"
EndProject
Project("{9A19103F-16F7-4668-BE54-9A1E7A4F7556}") = "Validator", "Validator\Validator.csproj", "{6BE1ED72-6CA9-4442-B529-C867A9D6904C}"
EndProject
Project("{9A19103F-16F7-4668-BE54-9A1E7A4F7556}") = "FindKey", "FindKey\FindKey.csproj", "{D5E3C871-EA87-48E7-9287-E96B8410EB18}"
EndProject
Project("{FAE04EC0-301F-11D3-BF4B-00C04F79EFBC}") = "sp_keygen", "sp_keygen\sp_keygen.csproj", "{D6614743-D01E-4899-A5E7-B4E45BD1B033}"
EndProject
Project("{F184B08F-C81C-45F6-A57F-5ABD9991F28F}") = "keygen-vb", "keygen-vb\keygen-vb.vbproj", "{8C71D426-3EB4-4341-949A-20213DAD64EE}"
EndProject
Project("{FAE04EC0-301F-11D3-BF4B-00C04F79EFBC}") = "keygen4", "keygen4\keygen4.csproj", "{A9482F5A-7A2B-47DA-B43C-1AB13ED5AB5E}"
EndProject
Global
	GlobalSection(SolutionConfigurationPlatforms) = preSolution
		Debug|Any CPU = Debug|Any CPU
		Debug|x64 = Debug|x64
		Debug|x86 = Debug|x86
		Release|Any CPU = Release|Any CPU
		Release|x64 = Release|x64
		Release|x86 = Release|x86
	EndGlobalSection
	GlobalSection(ProjectConfigurationPlatforms) = postSolution
		{D0E162E3-FC99-4405-BEE1-AB85D9D41DA9}.Debug|Any CPU.ActiveCfg = Debug|Any CPU
		{D0E162E3-FC99-4405-BEE1-AB85D9D41DA9}.Debug|Any CPU.Build.0 = Debug|Any CPU
		{D0E162E3-FC99-4405-BEE1-AB85D9D41DA9}.Debug|x64.ActiveCfg = Debug|Any CPU
		{D0E162E3-FC99-4405-BEE1-AB85D9D41DA9}.Debug|x64.Build.0 = Debug|Any CPU
		{D0E162E3-FC99-4405-BEE1-AB85D9D41DA9}.Debug|x86.ActiveCfg = Debug|x86
		{D0E162E3-FC99-4405-BEE1-AB85D9D41DA9}.Debug|x86.Build.0 = Debug|x86
		{D0E162E3-FC99-4405-BEE1-AB85D9D41DA9}.Release|Any CPU.ActiveCfg = Release|Any CPU
		{D0E162E3-FC99-4405-BEE1-AB85D9D41DA9}.Release|Any CPU.Build.0 = Release|Any CPU
		{D0E162E3-FC99-4405-BEE1-AB85D9D41DA9}.Release|x64.ActiveCfg = Release|x64
		{D0E162E3-FC99-4405-BEE1-AB85D9D41DA9}.Release|x64.Build.0 = Release|x64
		{D0E162E3-FC99-4405-BEE1-AB85D9D41DA9}.Release|x86.ActiveCfg = Release|x86
		{D0E162E3-FC99-4405-BEE1-AB85D9D41DA9}.Release|x86.Build.0 = Release|x86
		{2446CB50-1882-4219-9DB0-E7F5517E6E20}.Debug|Any CPU.ActiveCfg = Debug|Any CPU
		{2446CB50-1882-4219-9DB0-E7F5517E6E20}.Debug|Any CPU.Build.0 = Debug|Any CPU
		{2446CB50-1882-4219-9DB0-E7F5517E6E20}.Debug|x64.ActiveCfg = Debug|x64
		{2446CB50-1882-4219-9DB0-E7F5517E6E20}.Debug|x64.Build.0 = Debug|x64
		{2446CB50-1882-4219-9DB0-E7F5517E6E20}.Debug|x86.ActiveCfg = Debug|x86
		{2446CB50-1882-4219-9DB0-E7F5517E6E20}.Debug|x86.Build.0 = Debug|x86
		{2446CB50-1882-4219-9DB0-E7F5517E6E20}.Release|Any CPU.ActiveCfg = Release|Any CPU
		{2446CB50-1882-4219-9DB0-E7F5517E6E20}.Release|Any CPU.Build.0 = Release|Any CPU
		{2446CB50-1882-4219-9DB0-E7F5517E6E20}.Release|x64.ActiveCfg = Release|x64
		{2446CB50-1882-4219-9DB0-E7F5517E6E20}.Release|x64.Build.0 = Release|x64
		{2446CB50-1882-4219-9DB0-E7F5517E6E20}.Release|x86.ActiveCfg = Release|x86
		{2446CB50-1882-4219-9DB0-E7F5517E6E20}.Release|x86.Build.0 = Release|x86
		{BC47A6DE-7F9D-4D65-A996-69FB778C95F3}.Debug|Any CPU.ActiveCfg = Debug|Any CPU
		{BC47A6DE-7F9D-4D65-A996-69FB778C95F3}.Debug|Any CPU.Build.0 = Debug|Any CPU
		{BC47A6DE-7F9D-4D65-A996-69FB778C95F3}.Debug|x64.ActiveCfg = Debug|Any CPU
		{BC47A6DE-7F9D-4D65-A996-69FB778C95F3}.Debug|x64.Build.0 = Debug|Any CPU
		{BC47A6DE-7F9D-4D65-A996-69FB778C95F3}.Debug|x86.ActiveCfg = Debug|x86
		{BC47A6DE-7F9D-4D65-A996-69FB778C95F3}.Debug|x86.Build.0 = Debug|x86
		{BC47A6DE-7F9D-4D65-A996-69FB778C95F3}.Release|Any CPU.ActiveCfg = Release|Any CPU
		{BC47A6DE-7F9D-4D65-A996-69FB778C95F3}.Release|Any CPU.Build.0 = Release|Any CPU
		{BC47A6DE-7F9D-4D65-A996-69FB778C95F3}.Release|x64.ActiveCfg = Release|x64
		{BC47A6DE-7F9D-4D65-A996-69FB778C95F3}.Release|x64.Build.0 = Release|x64
		{BC47A6DE-7F9D-4D65-A996-69FB778C95F3}.Release|x86.ActiveCfg = Release|x86
		{BC47A6DE-7F9D-4D65-A996-69FB778C95F3}.Release|x86.Build.0 = Release|x86
		{E3604156-7DF2-4B5F-AECA-64786B92F38C}.Debug|Any CPU.ActiveCfg = Debug|x64
		{E3604156-7DF2-4B5F-AECA-64786B92F38C}.Debug|Any CPU.Build.0 = Debug|x64
		{E3604156-7DF2-4B5F-AECA-64786B92F38C}.Debug|x64.ActiveCfg = Debug|x64
		{E3604156-7DF2-4B5F-AECA-64786B92F38C}.Debug|x64.Build.0 = Debug|x64
		{E3604156-7DF2-4B5F-AECA-64786B92F38C}.Debug|x86.ActiveCfg = Debug|Win32
		{E3604156-7DF2-4B5F-AECA-64786B92F38C}.Debug|x86.Build.0 = Debug|Win32
		{E3604156-7DF2-4B5F-AECA-64786B92F38C}.Release|Any CPU.ActiveCfg = Release|x64
		{E3604156-7DF2-4B5F-AECA-64786B92F38C}.Release|Any CPU.Build.0 = Release|x64
		{E3604156-7DF2-4B5F-AECA-64786B92F38C}.Release|x64.ActiveCfg = Release|x64
		{E3604156-7DF2-4B5F-AECA-64786B92F38C}.Release|x64.Build.0 = Release|x64
		{E3604156-7DF2-4B5F-AECA-64786B92F38C}.Release|x86.ActiveCfg = Release|Win32
		{E3604156-7DF2-4B5F-AECA-64786B92F38C}.Release|x86.Build.0 = Release|Win32
		{A5A24406-1296-457B-91A3-60E67511D807}.Debug|Any CPU.ActiveCfg = Debug|Any CPU
		{A5A24406-1296-457B-91A3-60E67511D807}.Debug|Any CPU.Build.0 = Debug|Any CPU
		{A5A24406-1296-457B-91A3-60E67511D807}.Debug|x64.ActiveCfg = Debug|Any CPU
		{A5A24406-1296-457B-91A3-60E67511D807}.Debug|x64.Build.0 = Debug|Any CPU
		{A5A24406-1296-457B-91A3-60E67511D807}.Debug|x86.ActiveCfg = Debug|Any CPU
		{A5A24406-1296-457B-91A3-60E67511D807}.Debug|x86.Build.0 = Debug|Any CPU
		{A5A24406-1296-457B-91A3-60E67511D807}.Release|Any CPU.ActiveCfg = Release|Any CPU
		{A5A24406-1296-457B-91A3-60E67511D807}.Release|Any CPU.Build.0 = Release|Any CPU
		{A5A24406-1296-457B-91A3-60E67511D807}.Release|x64.ActiveCfg = Release|x64
		{A5A24406-1296-457B-91A3-60E67511D807}.Release|x64.Build.0 = Release|x64
		{A5A24406-1296-457B-91A3-60E67511D807}.Release|x86.ActiveCfg = Release|x86
		{A5A24406-1296-457B-91A3-60E67511D807}.Release|x86.Build.0 = Release|x86
		{85044A5C-C4A3-4C79-9AD5-6895F61F8515}.Debug|Any CPU.ActiveCfg = Debug|x64
		{85044A5C-C4A3-4C79-9AD5-6895F61F8515}.Debug|Any CPU.Build.0 = Debug|x64
		{85044A5C-C4A3-4C79-9AD5-6895F61F8515}.Debug|x64.ActiveCfg = Debug|x64
		{85044A5C-C4A3-4C79-9AD5-6895F61F8515}.Debug|x64.Build.0 = Debug|x64
		{85044A5C-C4A3-4C79-9AD5-6895F61F8515}.Debug|x86.ActiveCfg = Debug|Win32
		{85044A5C-C4A3-4C79-9AD5-6895F61F8515}.Debug|x86.Build.0 = Debug|Win32
		{85044A5C-C4A3-4C79-9AD5-6895F61F8515}.Release|Any CPU.ActiveCfg = Release|x64
		{85044A5C-C4A3-4C79-9AD5-6895F61F8515}.Release|Any CPU.Build.0 = Release|x64
		{85044A5C-C4A3-4C79-9AD5-6895F61F8515}.Release|x64.ActiveCfg = Release|x64
		{85044A5C-C4A3-4C79-9AD5-6895F61F8515}.Release|x64.Build.0 = Release|x64
		{85044A5C-C4A3-4C79-9AD5-6895F61F8515}.Release|x86.ActiveCfg = Release|Win32
		{85044A5C-C4A3-4C79-9AD5-6895F61F8515}.Release|x86.Build.0 = Release|Win32
		{7B2D3886-A213-4F99-89F7-D0D7DDAA97D9}.Debug|Any CPU.ActiveCfg = Debug|Any CPU
		{7B2D3886-A213-4F99-89F7-D0D7DDAA97D9}.Debug|Any CPU.Build.0 = Debug|Any CPU
		{7B2D3886-A213-4F99-89F7-D0D7DDAA97D9}.Debug|x64.ActiveCfg = Debug|Any CPU
		{7B2D3886-A213-4F99-89F7-D0D7DDAA97D9}.Debug|x64.Build.0 = Debug|Any CPU
		{7B2D3886-A213-4F99-89F7-D0D7DDAA97D9}.Debug|x86.ActiveCfg = Debug|Any CPU
		{7B2D3886-A213-4F99-89F7-D0D7DDAA97D9}.Debug|x86.Build.0 = Debug|Any CPU
		{7B2D3886-A213-4F99-89F7-D0D7DDAA97D9}.Release|Any CPU.ActiveCfg = Release|Any CPU
		{7B2D3886-A213-4F99-89F7-D0D7DDAA97D9}.Release|Any CPU.Build.0 = Release|Any CPU
		{7B2D3886-A213-4F99-89F7-D0D7DDAA97D9}.Release|x64.ActiveCfg = Release|x64
		{7B2D3886-A213-4F99-89F7-D0D7DDAA97D9}.Release|x64.Build.0 = Release|x64
		{7B2D3886-A213-4F99-89F7-D0D7DDAA97D9}.Release|x86.ActiveCfg = Release|x86
		{7B2D3886-A213-4F99-89F7-D0D7DDAA97D9}.Release|x86.Build.0 = Release|x86
		{6BE1ED72-6CA9-4442-B529-C867A9D6904C}.Debug|Any CPU.ActiveCfg = Debug|Any CPU
		{6BE1ED72-6CA9-4442-B529-C867A9D6904C}.Debug|Any CPU.Build.0 = Debug|Any CPU
		{6BE1ED72-6CA9-4442-B529-C867A9D6904C}.Debug|x64.ActiveCfg = Debug|Any CPU
		{6BE1ED72-6CA9-4442-B529-C867A9D6904C}.Debug|x64.Build.0 = Debug|Any CPU
		{6BE1ED72-6CA9-4442-B529-C867A9D6904C}.Debug|x86.ActiveCfg = Debug|Any CPU
		{6BE1ED72-6CA9-4442-B529-C867A9D6904C}.Debug|x86.Build.0 = Debug|Any CPU
		{6BE1ED72-6CA9-4442-B529-C867A9D6904C}.Release|Any CPU.ActiveCfg = Release|Any CPU
		{6BE1ED72-6CA9-4442-B529-C867A9D6904C}.Release|Any CPU.Build.0 = Release|Any CPU
		{6BE1ED72-6CA9-4442-B529-C867A9D6904C}.Release|x64.ActiveCfg = Release|x64
		{6BE1ED72-6CA9-4442-B529-C867A9D6904C}.Release|x64.Build.0 = Release|x64
		{6BE1ED72-6CA9-4442-B529-C867A9D6904C}.Release|x86.ActiveCfg = Release|x86
		{6BE1ED72-6CA9-4442-B529-C867A9D6904C}.Release|x86.Build.0 = Release|x86
		{D5E3C871-EA87-48E7-9287-E96B8410EB18}.Debug|Any CPU.ActiveCfg = Debug|Any CPU
		{D5E3C871-EA87-48E7-9287-E96B8410EB18}.Debug|Any CPU.Build.0 = Debug|Any CPU
		{D5E3C871-EA87-48E7-9287-E96B8410EB18}.Debug|x64.ActiveCfg = Debug|Any CPU
		{D5E3C871-EA87-48E7-9287-E96B8410EB18}.Debug|x64.Build.0 = Debug|Any CPU
		{D5E3C871-EA87-48E7-9287-E96B8410EB18}.Debug|x86.ActiveCfg = Debug|Any CPU
		{D5E3C871-EA87-48E7-9287-E96B8410EB18}.Debug|x86.Build.0 = Debug|Any CPU
		{D5E3C871-EA87-48E7-9287-E96B8410EB18}.Release|Any CPU.ActiveCfg = Release|Any CPU
		{D5E3C871-EA87-48E7-9287-E96B8410EB18}.Release|Any CPU.Build.0 = Release|Any CPU
		{D5E3C871-EA87-48E7-9287-E96B8410EB18}.Release|x64.ActiveCfg = Release|x64
		{D5E3C871-EA87-48E7-9287-E96B8410EB18}.Release|x64.Build.0 = Release|x64
		{D5E3C871-EA87-48E7-9287-E96B8410EB18}.Release|x86.ActiveCfg = Release|x86
		{D5E3C871-EA87-48E7-9287-E96B8410EB18}.Release|x86.Build.0 = Release|x86
		{D6614743-D01E-4899-A5E7-B4E45BD1B033}.Debug|Any CPU.ActiveCfg = Debug|Any CPU
		{D6614743-D01E-4899-A5E7-B4E45BD1B033}.Debug|Any CPU.Build.0 = Debug|Any CPU
		{D6614743-D01E-4899-A5E7-B4E45BD1B033}.Debug|x64.ActiveCfg = Debug|Any CPU
		{D6614743-D01E-4899-A5E7-B4E45BD1B033}.Debug|x64.Build.0 = Debug|Any CPU
		{D6614743-D01E-4899-A5E7-B4E45BD1B033}.Debug|x86.ActiveCfg = Debug|Any CPU
		{D6614743-D01E-4899-A5E7-B4E45BD1B033}.Debug|x86.Build.0 = Debug|Any CPU
		{D6614743-D01E-4899-A5E7-B4E45BD1B033}.Release|Any CPU.ActiveCfg = Release|Any CPU
		{D6614743-D01E-4899-A5E7-B4E45BD1B033}.Release|Any CPU.Build.0 = Release|Any CPU
		{D6614743-D01E-4899-A5E7-B4E45BD1B033}.Release|x64.ActiveCfg = Release|Any CPU
		{D6614743-D01E-4899-A5E7-B4E45BD1B033}.Release|x64.Build.0 = Release|Any CPU
		{D6614743-D01E-4899-A5E7-B4E45BD1B033}.Release|x86.ActiveCfg = Release|Any CPU
		{D6614743-D01E-4899-A5E7-B4E45BD1B033}.Release|x86.Build.0 = Release|Any CPU
		{8C71D426-3EB4-4341-949A-20213DAD64EE}.Debug|Any CPU.ActiveCfg = Debug|Any CPU
		{8C71D426-3EB4-4341-949A-20213DAD64EE}.Debug|Any CPU.Build.0 = Debug|Any CPU
		{8C71D426-3EB4-4341-949A-20213DAD64EE}.Debug|x64.ActiveCfg = Debug|Any CPU
		{8C71D426-3EB4-4341-949A-20213DAD64EE}.Debug|x64.Build.0 = Debug|Any CPU
		{8C71D426-3EB4-4341-949A-20213DAD64EE}.Debug|x86.ActiveCfg = Debug|Any CPU
		{8C71D426-3EB4-4341-949A-20213DAD64EE}.Debug|x86.Build.0 = Debug|Any CPU
		{8C71D426-3EB4-4341-949A-20213DAD64EE}.Release|Any CPU.ActiveCfg = Release|Any CPU
		{8C71D426-3EB4-4341-949A-20213DAD64EE}.Release|Any CPU.Build.0 = Release|Any CPU
		{8C71D426-3EB4-4341-949A-20213DAD64EE}.Release|x64.ActiveCfg = Release|Any CPU
		{8C71D426-3EB4-4341-949A-20213DAD64EE}.Release|x64.Build.0 = Release|Any CPU
		{8C71D426-3EB4-4341-949A-20213DAD64EE}.Release|x86.ActiveCfg = Release|Any CPU
		{8C71D426-3EB4-4341-949A-20213DAD64EE}.Release|x86.Build.0 = Release|Any CPU
		{A9482F5A-7A2B-47DA-B43C-1AB13ED5AB5E}.Debug|Any CPU.ActiveCfg = Debug|Any CPU
		{A9482F5A-7A2B-47DA-B43C-1AB13ED5AB5E}.Debug|Any CPU.Build.0 = Debug|Any CPU
		{A9482F5A-7A2B-47DA-B43C-1AB13ED5AB5E}.Debug|x64.ActiveCfg = Debug|Any CPU
		{A9482F5A-7A2B-47DA-B43C-1AB13ED5AB5E}.Debug|x64.Build.0 = Debug|Any CPU
		{A9482F5A-7A2B-47DA-B43C-1AB13ED5AB5E}.Debug|x86.ActiveCfg = Debug|x86
		{A9482F5A-7A2B-47DA-B43C-1AB13ED5AB5E}.Debug|x86.Build.0 = Debug|x86
		{A9482F5A-7A2B-47DA-B43C-1AB13ED5AB5E}.Release|Any CPU.ActiveCfg = Release|Any CPU
		{A9482F5A-7A2B-47DA-B43C-1AB13ED5AB5E}.Release|Any CPU.Build.0 = Release|Any CPU
		{A9482F5A-7A2B-47DA-B43C-1AB13ED5AB5E}.Release|x64.ActiveCfg = Release|Any CPU
		{A9482F5A-7A2B-47DA-B43C-1AB13ED5AB5E}.Release|x64.Build.0 = Release|Any CPU
		{A9482F5A-7A2B-47DA-B43C-1AB13ED5AB5E}.Release|x86.ActiveCfg = Release|x86
		{A9482F5A-7A2B-47DA-B43C-1AB13ED5AB5E}.Release|x86.Build.0 = Release|x86
	EndGlobalSection
	GlobalSection(SolutionProperties) = preSolution
		HideSolutionNode = FALSE
	EndGlobalSection
	GlobalSection(ExtensibilityGlobals) = postSolution
		SolutionGuid = {01ED3EE8-E89A-4A27-AF68-EF2490CB6BD7}
	EndGlobalSection
EndGlobal
